{
  "name": "1-picks-n-prizes",
  "lockfileVersion": 3,
  "requires": true,
  "packages": {
    "": {
      "dependencies": {
        "csrf-token": "^1.1.0"
      }
    },
    "node_modules/csrf-token": {
      "version": "1.1.0",
      "resolved": "https://registry.npmjs.org/csrf-token/-/csrf-token-1.1.0.tgz",
      "integrity": "sha512-VpIIM3stG1b4OSIRlfGyHmhZ01x4cSF4PE5FljS+i4a7JfmdiWaEIFFVkQzs0ftPyg7o3+wwhmiw9HX9E4zFMg==",
      "license": "MIT"
    }
  }
}
